
Microsoft Visual Studio Solution File, Format Version 12.00
# Visual Studio 2013
VisualStudioVersion = 12.0.31101.0
MinimumVisualStudioVersion = 10.0.40219.1
Project("{FAE04EC0-301F-11D3-BF4B-00C04F79EFBC}") = "AutomaticSapper", "AutomaticSapper.csproj", "{5381CAF8-4E35-4E2B-AC0C-5A33DA860160}"
	ProjectSection(ProjectDependencies) = postProject
		{DFEF6536-63BD-4260-978B-C03BCDDB6EC8} = {DFEF6536-63BD-4260-978B-C03BCDDB6EC8}
		{19F4DC7D-8A4F-4A55-BDCB-73D060110608} = {19F4DC7D-8A4F-4A55-BDCB-73D060110608}
		{BECB25F4-C3B3-4BFB-AEE1-F79866E4A83B} = {BECB25F4-C3B3-4BFB-AEE1-F79866E4A83B}
	EndProjectSection
EndProject
Project("{FAE04EC0-301F-11D3-BF4B-00C04F79EFBC}") = "KnowledgeRepresentation", "..\KnowledgeRepresentation\KnowledgeRepresentation.csproj", "{BECB25F4-C3B3-4BFB-AEE1-F79866E4A83B}"
EndProject
Project("{2150E333-8FDC-42A3-9474-1A3956D46DE8}") = ".nuget", ".nuget", "{12BA1415-2842-4F4B-969F-EABA6F742C70}"
	ProjectSection(SolutionItems) = preProject
		.nuget\NuGet.Config = .nuget\NuGet.Config
		.nuget\NuGet.exe = .nuget\NuGet.exe
		.nuget\NuGet.targets = .nuget\NuGet.targets
	EndProjectSection
EndProject
Project("{FAE04EC0-301F-11D3-BF4B-00C04F79EFBC}") = "DataManipulation", "..\DataManipulation\DataManipulation.csproj", "{DFEF6536-63BD-4260-978B-C03BCDDB6EC8}"
	ProjectSection(ProjectDependencies) = postProject
		{BECB25F4-C3B3-4BFB-AEE1-F79866E4A83B} = {BECB25F4-C3B3-4BFB-AEE1-F79866E4A83B}
	EndProjectSection
EndProject
Project("{FAE04EC0-301F-11D3-BF4B-00C04F79EFBC}") = "DataManipulationTests", "..\DataManipulationTests\DataManipulationTests.csproj", "{717929E9-6B08-4EDD-A4FA-EFEF81D94CC1}"
	ProjectSection(ProjectDependencies) = postProject
		{DFEF6536-63BD-4260-978B-C03BCDDB6EC8} = {DFEF6536-63BD-4260-978B-C03BCDDB6EC8}
		{BECB25F4-C3B3-4BFB-AEE1-F79866E4A83B} = {BECB25F4-C3B3-4BFB-AEE1-F79866E4A83B}
	EndProjectSection
EndProject
Project("{FAE04EC0-301F-11D3-BF4B-00C04F79EFBC}") = "MovementAlgorithms", "..\MovementAlgorithms\MovementAlgorithms.csproj", "{19F4DC7D-8A4F-4A55-BDCB-73D060110608}"
EndProject
Global
	GlobalSection(SolutionConfigurationPlatforms) = preSolution
		Debug|Any CPU = Debug|Any CPU
		Release|Any CPU = Release|Any CPU
	EndGlobalSection
	GlobalSection(ProjectConfigurationPlatforms) = postSolution
		{5381CAF8-4E35-4E2B-AC0C-5A33DA860160}.Debug|Any CPU.ActiveCfg = Debug|Any CPU
		{5381CAF8-4E35-4E2B-AC0C-5A33DA860160}.Debug|Any CPU.Build.0 = Debug|Any CPU
		{5381CAF8-4E35-4E2B-AC0C-5A33DA860160}.Release|Any CPU.ActiveCfg = Release|Any CPU
		{5381CAF8-4E35-4E2B-AC0C-5A33DA860160}.Release|Any CPU.Build.0 = Release|Any CPU
		{BECB25F4-C3B3-4BFB-AEE1-F79866E4A83B}.Debug|Any CPU.ActiveCfg = Debug|Any CPU
		{BECB25F4-C3B3-4BFB-AEE1-F79866E4A83B}.Debug|Any CPU.Build.0 = Debug|Any CPU
		{BECB25F4-C3B3-4BFB-AEE1-F79866E4A83B}.Release|Any CPU.ActiveCfg = Release|Any CPU
		{BECB25F4-C3B3-4BFB-AEE1-F79866E4A83B}.Release|Any CPU.Build.0 = Release|Any CPU
		{DFEF6536-63BD-4260-978B-C03BCDDB6EC8}.Debug|Any CPU.ActiveCfg = Debug|Any CPU
		{DFEF6536-63BD-4260-978B-C03BCDDB6EC8}.Debug|Any CPU.Build.0 = Debug|Any CPU
		{DFEF6536-63BD-4260-978B-C03BCDDB6EC8}.Release|Any CPU.ActiveCfg = Release|Any CPU
		{DFEF6536-63BD-4260-978B-C03BCDDB6EC8}.Release|Any CPU.Build.0 = Release|Any CPU
		{717929E9-6B08-4EDD-A4FA-EFEF81D94CC1}.Debug|Any CPU.ActiveCfg = Debug|Any CPU
		{717929E9-6B08-4EDD-A4FA-EFEF81D94CC1}.Debug|Any CPU.Build.0 = Debug|Any CPU
		{717929E9-6B08-4EDD-A4FA-EFEF81D94CC1}.Release|Any CPU.ActiveCfg = Release|Any CPU
		{717929E9-6B08-4EDD-A4FA-EFEF81D94CC1}.Release|Any CPU.Build.0 = Release|Any CPU
		{19F4DC7D-8A4F-4A55-BDCB-73D060110608}.Debug|Any CPU.ActiveCfg = Debug|Any CPU
		{19F4DC7D-8A4F-4A55-BDCB-73D060110608}.Debug|Any CPU.Build.0 = Debug|Any CPU
		{19F4DC7D-8A4F-4A55-BDCB-73D060110608}.Release|Any CPU.ActiveCfg = Release|Any CPU
		{19F4DC7D-8A4F-4A55-BDCB-73D060110608}.Release|Any CPU.Build.0 = Release|Any CPU
	EndGlobalSection
	GlobalSection(SolutionProperties) = preSolution
		HideSolutionNode = FALSE
	EndGlobalSection
EndGlobal
